// !$*UTF8*$!
{
	archiveVersion = 1;
	classes = {
	};
	objectVersion = 52;
	objects = {

/* Begin PBXBuildFile section */
		D02ACE14242808BA003938D1 /* AppDelegate.swift in Sources */ = {isa = PBXBuildFile; fileRef = D02ACE13242808BA003938D1 /* AppDelegate.swift */; };
		D02ACE16242808BA003938D1 /* SceneDelegate.swift in Sources */ = {isa = PBXBuildFile; fileRef = D02ACE15242808BA003938D1 /* SceneDelegate.swift */; };
		D02ACE18242808BA003938D1 /* ViewController.swift in Sources */ = {isa = PBXBuildFile; fileRef = D02ACE17242808BA003938D1 /* ViewController.swift */; };
		D02ACE1B242808BA003938D1 /* Main.storyboard in Resources */ = {isa = PBXBuildFile; fileRef = D02ACE19242808BA003938D1 /* Main.storyboard */; };
		D02ACE1D242808BC003938D1 /* Assets.xcassets in Resources */ = {isa = PBXBuildFile; fileRef = D02ACE1C242808BC003938D1 /* Assets.xcassets */; };
		D02D1AAB2431579900DE9B6F /* Phrases.swift in Sources */ = {isa = PBXBuildFile; fileRef = D02D1AAA2431579900DE9B6F /* Phrases.swift */; };
		D02D1AB42432804B00DE9B6F /* LaunchScreen.storyboard in Resources */ = {isa = PBXBuildFile; fileRef = D02D1AB22432804B00DE9B6F /* LaunchScreen.storyboard */; };
		D02D1AB82432AF1500DE9B6F /* SecondViewController.swift in Sources */ = {isa = PBXBuildFile; fileRef = D02D1AB72432AF1400DE9B6F /* SecondViewController.swift */; };
		D04ADC612434C5360046EACC /* Design.swift in Sources */ = {isa = PBXBuildFile; fileRef = D04ADC602434C5360046EACC /* Design.swift */; };
/* End PBXBuildFile section */

/* Begin PBXFileReference section */
		D02ACE10242808B9003938D1 /* Shamaz.app */ = {isa = PBXFileReference; explicitFileType = wrapper.application; includeInIndex = 0; path = Shamaz.app; sourceTree = BUILT_PRODUCTS_DIR; };
		D02ACE13242808BA003938D1 /* AppDelegate.swift */ = {isa = PBXFileReference; lastKnownFileType = sourcecode.swift; path = AppDelegate.swift; sourceTree = "<group>"; };
		D02ACE15242808BA003938D1 /* SceneDelegate.swift */ = {isa = PBXFileReference; lastKnownFileType = sourcecode.swift; path = SceneDelegate.swift; sourceTree = "<group>"; };
		D02ACE17242808BA003938D1 /* ViewController.swift */ = {isa = PBXFileReference; lastKnownFileType = sourcecode.swift; path = ViewController.swift; sourceTree = "<group>"; };
		D02ACE1A242808BA003938D1 /* Base */ = {isa = PBXFileReference; lastKnownFileType = file.storyboard; name = Base; path = Base.lproj/Main.storyboard; sourceTree = "<group>"; };
		D02ACE1C242808BC003938D1 /* Assets.xcassets */ = {isa = PBXFileReference; lastKnownFileType = folder.assetcatalog; path = Assets.xcassets; sourceTree = "<group>"; };
		D02ACE21242808BC003938D1 /* Info.plist */ = {isa = PBXFileReference; lastKnownFileType = text.plist.xml; path = Info.plist; sourceTree = "<group>"; };
		D02D1AAA2431579900DE9B6F /* Phrases.swift */ = {isa = PBXFileReference; lastKnownFileType = sourcecode.swift; path = Phrases.swift; sourceTree = "<group>"; };
		D02D1AB12432787900DE9B6F /* en */ = {isa = PBXFileReference; lastKnownFileType = text.plist.strings; name = en; path = en.lproj/Main.strings; sourceTree = "<group>"; };
		D02D1AB32432804B00DE9B6F /* Base */ = {isa = PBXFileReference; lastKnownFileType = file.storyboard; name = Base; path = Base.lproj/LaunchScreen.storyboard; sourceTree = "<group>"; };
		D02D1AB72432AF1400DE9B6F /* SecondViewController.swift */ = {isa = PBXFileReference; lastKnownFileType = sourcecode.swift; path = SecondViewController.swift; sourceTree = "<group>"; };
		D04ADC602434C5360046EACC /* Design.swift */ = {isa = PBXFileReference; lastKnownFileType = sourcecode.swift; path = Design.swift; sourceTree = "<group>"; };
/* End PBXFileReference section */

/* Begin PBXFrameworksBuildPhase section */
		D02ACE0D242808B9003938D1 /* Frameworks */ = {
			isa = PBXFrameworksBuildPhase;
			buildActionMask = 2147483647;
			files = (
			);
			runOnlyForDeploymentPostprocessing = 0;
		};
/* End PBXFrameworksBuildPhase section */

/* Begin PBXGroup section */
		D02ACE07242808B9003938D1 = {
			isa = PBXGroup;
			children = (
				D02ACE12242808BA003938D1 /* Shamaz */,
				D02ACE11242808B9003938D1 /* Products */,
			);
			sourceTree = "<group>";
		};
		D02ACE11242808B9003938D1 /* Products */ = {
			isa = PBXGroup;
			children = (
				D02ACE10242808B9003938D1 /* Shamaz.app */,
			);
			name = Products;
			sourceTree = "<group>";
		};
		D02ACE12242808BA003938D1 /* Shamaz */ = {
			isa = PBXGroup;
			children = (
				D0A403692434FC4F00357114 /* Design */,
				D0A403682434FC0800357114 /* Localisations */,
				D0F243F42434F89D00752DB8 /* Controllers */,
				D02ACE13242808BA003938D1 /* AppDelegate.swift */,
				D02ACE15242808BA003938D1 /* SceneDelegate.swift */,
				D02ACE19242808BA003938D1 /* Main.storyboard */,
				D02ACE1C242808BC003938D1 /* Assets.xcassets */,
				D02D1AB22432804B00DE9B6F /* LaunchScreen.storyboard */,
				D02ACE21242808BC003938D1 /* Info.plist */,
			);
			path = Shamaz;
			sourceTree = "<group>";
		};
		D0A403682434FC0800357114 /* Localisations */ = {
			isa = PBXGroup;
			children = (
				D02D1AAA2431579900DE9B6F /* Phrases.swift */,
			);
			path = Localisations;
			sourceTree = "<group>";
		};
		D0A403692434FC4F00357114 /* Design */ = {
			isa = PBXGroup;
			children = (
				D04ADC602434C5360046EACC /* Design.swift */,
			);
			path = Design;
			sourceTree = "<group>";
		};
		D0F243F42434F89D00752DB8 /* Controllers */ = {
			isa = PBXGroup;
			children = (
				D02ACE17242808BA003938D1 /* ViewController.swift */,
				D02D1AB72432AF1400DE9B6F /* SecondViewController.swift */,
			);
			path = Controllers;
			sourceTree = "<group>";
		};
/* End PBXGroup section */

/* Begin PBXNativeTarget section */
		D02ACE0F242808B9003938D1 /* Shamaz */ = {
			isa = PBXNativeTarget;
			buildConfigurationList = D02ACE24242808BC003938D1 /* Build configuration list for PBXNativeTarget "Shamaz" */;
			buildPhases = (
				D02ACE0C242808B9003938D1 /* Sources */,
				D02ACE0D242808B9003938D1 /* Frameworks */,
				D02ACE0E242808B9003938D1 /* Resources */,
			);
			buildRules = (
			);
			dependencies = (
			);
			name = Shamaz;
			productName = Shamaz;
			productReference = D02ACE10242808B9003938D1 /* Shamaz.app */;
			productType = "com.apple.product-type.application";
		};
/* End PBXNativeTarget section */

/* Begin PBXProject section */
		D02ACE08242808B9003938D1 /* Project object */ = {
			isa = PBXProject;
			attributes = {
				LastSwiftUpdateCheck = 1110;
				LastUpgradeCheck = 1110;
				ORGANIZATIONNAME = "Alex Ivanova";
				TargetAttributes = {
					D02ACE0F242808B9003938D1 = {
						CreatedOnToolsVersion = 11.1;
					};
				};
			};
			buildConfigurationList = D02ACE0B242808B9003938D1 /* Build configuration list for PBXProject "Shamaz" */;
			compatibilityVersion = "Xcode 11.0";
			developmentRegion = en;
			hasScannedForEncodings = 0;
			knownRegions = (
				en,
				Base,
			);
			mainGroup = D02ACE07242808B9003938D1;
			productRefGroup = D02ACE11242808B9003938D1 /* Products */;
			projectDirPath = "";
			projectRoot = "";
			targets = (
				D02ACE0F242808B9003938D1 /* Shamaz */,
			);
		};
/* End PBXProject section */

/* Begin PBXResourcesBuildPhase section */
		D02ACE0E242808B9003938D1 /* Resources */ = {
			isa = PBXResourcesBuildPhase;
			buildActionMask = 2147483647;
			files = (
				D02D1AB42432804B00DE9B6F /* LaunchScreen.storyboard in Resources */,
				D02ACE1D242808BC003938D1 /* Assets.xcassets in Resources */,
				D02ACE1B242808BA003938D1 /* Main.storyboard in Resources */,
			);
			runOnlyForDeploymentPostprocessing = 0;
		};
/* End PBXResourcesBuildPhase section */

/* Begin PBXSourcesBuildPhase section */
		D02ACE0C242808B9003938D1 /* Sources */ = {
			isa = PBXSourcesBuildPhase;
			buildActionMask = 2147483647;
			files = (
				D02ACE18242808BA003938D1 /* ViewController.swift in Sources */,
				D02ACE14242808BA003938D1 /* AppDelegate.swift in Sources */,
				D02D1AAB2431579900DE9B6F /* Phrases.swift in Sources */,
				D04ADC612434C5360046EACC /* Design.swift in Sources */,
				D02D1AB82432AF1500DE9B6F /* SecondViewController.swift in Sources */,
				D02ACE16242808BA003938D1 /* SceneDelegate.swift in Sources */,
			);
			runOnlyForDeploymentPostprocessing = 0;
		};
/* End PBXSourcesBuildPhase section */

/* Begin PBXVariantGroup section */
		D02ACE19242808BA003938D1 /* Main.storyboard */ = {
			isa = PBXVariantGroup;
			children = (
				D02ACE1A242808BA003938D1 /* Base */,
				D02D1AB12432787900DE9B6F /* en */,
			);
			name = Main.storyboard;
			sourceTree = "<group>";
		};
		D02D1AB22432804B00DE9B6F /* LaunchScreen.storyboard */ = {
			isa = PBXVariantGroup;
			children = (
				D02D1AB32432804B00DE9B6F /* Base */,
			);
			name = LaunchScreen.storyboard;
			sourceTree = "<group>";
		};
/* End PBXVariantGroup section */

/* Begin XCBuildConfiguration section */
		D02ACE22242808BC003938D1 /* Debug */ = {
			isa = XCBuildConfiguration;
			buildSettings = {
				ALWAYS_SEARCH_USER_PATHS = NO;
				CLANG_ANALYZER_NONNULL = YES;
				CLANG_ANALYZER_NUMBER_OBJECT_CONVERSION = YES_AGGRESSIVE;
				CLANG_CXX_LANGUAGE_STANDARD = "gnu++14";
				CLANG_CXX_LIBRARY = "libc++";
				CLANG_ENABLE_MODULES = YES;
				CLANG_ENABLE_OBJC_ARC = YES;
				CLANG_ENABLE_OBJC_WEAK = YES;
				CLANG_WARN_BLOCK_CAPTURE_AUTORELEASING = YES;
				CLANG_WARN_BOOL_CONVERSION = YES;
				CLANG_WARN_COMMA = YES;
				CLANG_WARN_CONSTANT_CONVERSION = YES;
				CLANG_WARN_DEPRECATED_OBJC_IMPLEMENTATIONS = YES;
				CLANG_WARN_DIRECT_OBJC_ISA_USAGE = YES_ERROR;
				CLANG_WARN_DOCUMENTATION_COMMENTS = YES;
				CLANG_WARN_EMPTY_BODY = YES;
				CLANG_WARN_ENUM_CONVERSION = YES;
				CLANG_WARN_INFINITE_RECURSION = YES;
				CLANG_WARN_INT_CONVERSION = YES;
				CLANG_WARN_NON_LITERAL_NULL_CONVERSION = YES;
				CLANG_WARN_OBJC_IMPLICIT_RETAIN_SELF = YES;
				CLANG_WARN_OBJC_LITERAL_CONVERSION = YES;
				CLANG_WARN_OBJC_ROOT_CLASS = YES_ERROR;
				CLANG_WARN_RANGE_LOOP_ANALYSIS = YES;
				CLANG_WARN_STRICT_PROTOTYPES = YES;
				CLANG_WARN_SUSPICIOUS_MOVE = YES;
				CLANG_WARN_UNGUARDED_AVAILABILITY = YES_AGGRESSIVE;
				CLANG_WARN_UNREACHABLE_CODE = YES;
				CLANG_WARN__DUPLICATE_METHOD_MATCH = YES;
				COPY_PHASE_STRIP = NO;
				DEBUG_INFORMATION_FORMAT = dwarf;
				ENABLE_STRICT_OBJC_MSGSEND = YES;
				ENABLE_TESTABILITY = YES;
				GCC_C_LANGUAGE_STANDARD = gnu11;
				GCC_DYNAMIC_NO_PIC = NO;
				GCC_NO_COMMON_BLOCKS = YES;
				GCC_OPTIMIZATION_LEVEL = 0;
				GCC_PREPROCESSOR_DEFINITIONS = (
					"DEBUG=1",
					"$(inherited)",
				);
				GCC_WARN_64_TO_32_BIT_CONVERSION = YES;
				GCC_WARN_ABOUT_RETURN_TYPE = YES_ERROR;
				GCC_WARN_UNDECLARED_SELECTOR = YES;
				GCC_WARN_UNINITIALIZED_AUTOS = YES_AGGRESSIVE;
				GCC_WARN_UNUSED_FUNCTION = YES;
				GCC_WARN_UNUSED_VARIABLE = YES;
				IPHONEOS_DEPLOYMENT_TARGET = 13.1;
				MTL_ENABLE_DEBUG_INFO = INCLUDE_SOURCE;
				MTL_FAST_MATH = YES;
				ONLY_ACTIVE_ARCH = YES;
				SDKROOT = iphoneos;
				SWIFT_ACTIVE_COMPILATION_CONDITIONS = DEBUG;
				SWIFT_OPTIMIZATION_LEVEL = "-Onone";
			};
			name = Debug;
		};
		D02ACE23242808BC003938D1 /* Release */ = {
			isa = XCBuildConfiguration;
			buildSettings = {
				ALWAYS_SEARCH_USER_PATHS = NO;
				CLANG_ANALYZER_NONNULL = YES;
				CLANG_ANALYZER_NUMBER_OBJECT_CONVERSION = YES_AGGRESSIVE;
				CLANG_CXX_LANGUAGE_STANDARD = "gnu++14";
				CLANG_CXX_LIBRARY = "libc++";
				CLANG_ENABLE_MODULES = YES;
				CLANG_ENABLE_OBJC_ARC = YES;
				CLANG_ENABLE_OBJC_WEAK = YES;
				CLANG_WARN_BLOCK_CAPTURE_AUTORELEASING = YES;
				CLANG_WARN_BOOL_CONVERSION = YES;
				CLANG_WARN_COMMA = YES;
				CLANG_WARN_CONSTANT_CONVERSION = YES;
				CLANG_WARN_DEPRECATED_OBJC_IMPLEMENTATIONS = YES;
				CLANG_WARN_DIRECT_OBJC_ISA_USAGE = YES_ERROR;
				CLANG_WARN_DOCUMENTATION_COMMENTS = YES;
				CLANG_WARN_EMPTY_BODY = YES;
				CLANG_WARN_ENUM_CONVERSION = YES;
				CLANG_WARN_INFINITE_RECURSION = YES;
				CLANG_WARN_INT_CONVERSION = YES;
				CLANG_WARN_NON_LITERAL_NULL_CONVERSION = YES;
				CLANG_WARN_OBJC_IMPLICIT_RETAIN_SELF = YES;
				CLANG_WARN_OBJC_LITERAL_CONVERSION = YES;
				CLANG_WARN_OBJC_ROOT_CLASS = YES_ERROR;
				CLANG_WARN_RANGE_LOOP_ANALYSIS = YES;
				CLANG_WARN_STRICT_PROTOTYPES = YES;
				CLANG_WARN_SUSPICIOUS_MOVE = YES;
				CLANG_WARN_UNGUARDED_AVAILABILITY = YES_AGGRESSIVE;
				CLANG_WARN_UNREACHABLE_CODE = YES;
				CLANG_WARN__DUPLICATE_METHOD_MATCH = YES;
				COPY_PHASE_STRIP = NO;
				DEBUG_INFORMATION_FORMAT = "dwarf-with-dsym";
				ENABLE_NS_ASSERTIONS = NO;
				ENABLE_STRICT_OBJC_MSGSEND = YES;
				GCC_C_LANGUAGE_STANDARD = gnu11;
				GCC_NO_COMMON_BLOCKS = YES;
				GCC_WARN_64_TO_32_BIT_CONVERSION = YES;
				GCC_WARN_ABOUT_RETURN_TYPE = YES_ERROR;
				GCC_WARN_UNDECLARED_SELECTOR = YES;
				GCC_WARN_UNINITIALIZED_AUTOS = YES_AGGRESSIVE;
				GCC_WARN_UNUSED_FUNCTION = YES;
				GCC_WARN_UNUSED_VARIABLE = YES;
				IPHONEOS_DEPLOYMENT_TARGET = 13.1;
				MTL_ENABLE_DEBUG_INFO = NO;
				MTL_FAST_MATH = YES;
				SDKROOT = iphoneos;
				SWIFT_COMPILATION_MODE = wholemodule;
				SWIFT_OPTIMIZATION_LEVEL = "-O";
				VALIDATE_PRODUCT = YES;
			};
			name = Release;
		};
		D02ACE25242808BC003938D1 /* Debug */ = {
			isa = XCBuildConfiguration;
			buildSettings = {
				ASSETCATALOG_COMPILER_APPICON_NAME = AppIcon;
				CODE_SIGN_IDENTITY = "iPhone Developer";
				CODE_SIGN_STYLE = Automatic;
				DEVELOPMENT_TEAM = 6WAA8E6R87;
				INFOPLIST_FILE = Shamaz/Info.plist;
				IPHONEOS_DEPLOYMENT_TARGET = 13.0;
				LD_RUNPATH_SEARCH_PATHS = (
					"$(inherited)",
					"@executable_path/Frameworks",
				);
				PRODUCT_BUNDLE_IDENTIFIER = com.alexivanova.Shamaz;
				PRODUCT_NAME = "$(TARGET_NAME)";
				PROVISIONING_PROFILE_SPECIFIER = "";
				SWIFT_VERSION = 5.0;
				TARGETED_DEVICE_FAMILY = 1;
			};
			name = Debug;
		};
		D02ACE26242808BC003938D1 /* Release */ = {
			isa = XCBuildConfiguration;
			buildSettings = {
				ASSETCATALOG_COMPILER_APPICON_NAME = AppIcon;
				CODE_SIGN_IDENTITY = "iPhone Developer";
				CODE_SIGN_STYLE = Automatic;
				DEVELOPMENT_TEAM = 6WAA8E6R87;
				INFOPLIST_FILE = Shamaz/Info.plist;
				IPHONEOS_DEPLOYMENT_TARGET = 13.0;
				LD_RUNPATH_SEARCH_PATHS = (
					"$(inherited)",
					"@executable_path/Frameworks",
				);
				PRODUCT_BUNDLE_IDENTIFIER = com.alexivanova.Shamaz;
				PRODUCT_NAME = "$(TARGET_NAME)";
				PROVISIONING_PROFILE_SPECIFIER = "";
				SWIFT_VERSION = 5.0;
				TARGETED_DEVICE_FAMILY = 1;
			};
			name = Release;
		};
/* End XCBuildConfiguration section */

/* Begin XCConfigurationList section */
		D02ACE0B242808B9003938D1 /* Build configuration list for PBXProject "Shamaz" */ = {
			isa = XCConfigurationList;
			buildConfigurations = (
				D02ACE22242808BC003938D1 /* Debug */,
				D02ACE23242808BC003938D1 /* Release */,
			);
			defaultConfigurationIsVisible = 0;
			defaultConfigurationName = Release;
		};
		D02ACE24242808BC003938D1 /* Build configuration list for PBXNativeTarget "Shamaz" */ = {
			isa = XCConfigurationList;
			buildConfigurations = (
				D02ACE25242808BC003938D1 /* Debug */,
				D02ACE26242808BC003938D1 /* Release */,
			);
			defaultConfigurationIsVisible = 0;
			defaultConfigurationName = Release;
		};
/* End XCConfigurationList section */
	};
	rootObject = D02ACE08242808B9003938D1 /* Project object */;
}
